{
  "lockfile_version": "1",
  "packages": {
    "flutter@latest": {
      "last_modified": "2025-09-18T16:33:27Z",
      "resolved": "github:NixOS/nixpkgs/f4b140d5b253f5e2a1ff4e5506edbf8267724bde#flutter",
      "source": "devbox-search",
      "version": "3.35.3-sdk-links",
      "systems": {
        "aarch64-darwin": {
          "outputs": [
            {
              "name": "out",
              "path": "/nix/store/m2wm1yrgpmapc3h7ffgj7dqxf2d48b7x-flutter-wrapped-3.35.3-sdk-links",
              "default": true
            }
          ],
          "store_path": "/nix/store/m2wm1yrgpmapc3h7ffgj7dqxf2d48b7x-flutter-wrapped-3.35.3-sdk-links"
        },
        "aarch64-linux": {
          "outputs": [
            {
              "name": "out",
              "path": "/nix/store/17idsdyfcilf5nha81s1xvdhx1xz93a5-flutter-wrapped-3.35.3-sdk-links",
              "default": true
            }
          ],
          "store_path": "/nix/store/17idsdyfcilf5nha81s1xvdhx1xz93a5-flutter-wrapped-3.35.3-sdk-links"
        },
        "x86_64-darwin": {
          "outputs": [
            {
              "name": "out",
              "path": "/nix/store/kq8w3kcynbkxjajl87p0jz7m24k8zks5-flutter-wrapped-3.35.3-sdk-links",
              "default": true
            }
          ],
          "store_path": "/nix/store/kq8w3kcynbkxjajl87p0jz7m24k8zks5-flutter-wrapped-3.35.3-sdk-links"
        },
        "x86_64-linux": {
          "outputs": [
            {
              "name": "out",
              "path": "/nix/store/jb05rv2mliifkgv3kwswrqj5i0digih4-flutter-wrapped-3.35.3-sdk-links",
              "default": true
            }
          ],
          "store_path": "/nix/store/jb05rv2mliifkgv3kwswrqj5i0digih4-flutter-wrapped-3.35.3-sdk-links"
        }
      }
    },
    "github:NixOS/nixpkgs/nixpkgs-unstable": {
      "last_modified": "2025-09-21T09:21:16Z",
      "resolved": "github:NixOS/nixpkgs/a1f79a1770d05af18111fbbe2a3ab2c42c0f6cd0?lastModified=1758446476&narHash=sha256-5rdAi7CTvM%2FkSs6fHe1bREIva5W3TbImsto%2BdxG4mBo%3D"
    }
  }
}
